
Microsoft Visual Studio Solution File, Format Version 12.00
# Visual Studio 15
VisualStudioVersion = 15.0.26403.3
MinimumVisualStudioVersion = 10.0.40219.1
Project("{FAE04EC0-301F-11D3-BF4B-00C04F79EFBC}") = "OrchModuleTagHelperIssue.Portal", "OrchModuleTagHelperIssue.Portal\OrchModuleTagHelperIssue.Portal.csproj", "{659083A9-1F40-4731-8377-59340AE42022}"
EndProject
Project("{FAE04EC0-301F-11D3-BF4B-00C04F79EFBC}") = "ClTagHelpers", "ClTagHelpers\ClTagHelpers.csproj", "{362BEE00-9CED-4988-8F42-3BB88AACE114}"
EndProject
Project("{FAE04EC0-301F-11D3-BF4B-00C04F79EFBC}") = "Module1", "Module1\Module1.csproj", "{5ECC6CBA-7767-4266-A92D-7B81B7E30CA1}"
EndProject
Project("{FAE04EC0-301F-11D3-BF4B-00C04F79EFBC}") = "ExMClTagHelpers", "ExMClTagHelpers\ExMClTagHelpers.csproj", "{E01ECD24-46BF-465C-BD7A-12ABC0443544}"
EndProject
Global
	GlobalSection(SolutionConfigurationPlatforms) = preSolution
		Debug|Any CPU = Debug|Any CPU
		Release|Any CPU = Release|Any CPU
	EndGlobalSection
	GlobalSection(ProjectConfigurationPlatforms) = postSolution
		{659083A9-1F40-4731-8377-59340AE42022}.Debug|Any CPU.ActiveCfg = Debug|Any CPU
		{659083A9-1F40-4731-8377-59340AE42022}.Debug|Any CPU.Build.0 = Debug|Any CPU
		{659083A9-1F40-4731-8377-59340AE42022}.Release|Any CPU.ActiveCfg = Release|Any CPU
		{659083A9-1F40-4731-8377-59340AE42022}.Release|Any CPU.Build.0 = Release|Any CPU
		{362BEE00-9CED-4988-8F42-3BB88AACE114}.Debug|Any CPU.ActiveCfg = Debug|Any CPU
		{362BEE00-9CED-4988-8F42-3BB88AACE114}.Debug|Any CPU.Build.0 = Debug|Any CPU
		{362BEE00-9CED-4988-8F42-3BB88AACE114}.Release|Any CPU.ActiveCfg = Release|Any CPU
		{362BEE00-9CED-4988-8F42-3BB88AACE114}.Release|Any CPU.Build.0 = Release|Any CPU
		{5ECC6CBA-7767-4266-A92D-7B81B7E30CA1}.Debug|Any CPU.ActiveCfg = Debug|Any CPU
		{5ECC6CBA-7767-4266-A92D-7B81B7E30CA1}.Debug|Any CPU.Build.0 = Debug|Any CPU
		{5ECC6CBA-7767-4266-A92D-7B81B7E30CA1}.Release|Any CPU.ActiveCfg = Release|Any CPU
		{5ECC6CBA-7767-4266-A92D-7B81B7E30CA1}.Release|Any CPU.Build.0 = Release|Any CPU
		{E01ECD24-46BF-465C-BD7A-12ABC0443544}.Debug|Any CPU.ActiveCfg = Debug|Any CPU
		{E01ECD24-46BF-465C-BD7A-12ABC0443544}.Debug|Any CPU.Build.0 = Debug|Any CPU
		{E01ECD24-46BF-465C-BD7A-12ABC0443544}.Release|Any CPU.ActiveCfg = Release|Any CPU
		{E01ECD24-46BF-465C-BD7A-12ABC0443544}.Release|Any CPU.Build.0 = Release|Any CPU
	EndGlobalSection
	GlobalSection(SolutionProperties) = preSolution
		HideSolutionNode = FALSE
	EndGlobalSection
EndGlobal
